
Microsoft Visual Studio Solution File, Format Version 12.00
# Visual Studio Version 17
VisualStudioVersion = 17.6.33829.357
MinimumVisualStudioVersion = 10.0.40219.1
Project("{9A19103F-16F7-4668-BE54-9A1E7A4F7556}") = "BugPorter.API", "BugPorter.API\BugPorter.API.csproj", "{F4E9A898-3B10-4CA8-AC16-DCD15D4A32EE}"
EndProject
Project("{9A19103F-16F7-4668-BE54-9A1E7A4F7556}") = "BugPorter.Client", "BugPorter.Client\BugPorter.Client.csproj", "{2881A0AB-698D-49FE-88C7-11FA8AD57156}"
EndProject
Project("{FAE04EC0-301F-11D3-BF4B-00C04F79EFBC}") = "BugPorter.Core", "BugPorter.Core\BugPorter.Core.csproj", "{64E142BD-7C1A-4C7F-AFA7-A4CF91D3B83B}"
EndProject
Global
	GlobalSection(SolutionConfigurationPlatforms) = preSolution
		Debug|Any CPU = Debug|Any CPU
		Release|Any CPU = Release|Any CPU
	EndGlobalSection
	GlobalSection(ProjectConfigurationPlatforms) = postSolution
		{F4E9A898-3B10-4CA8-AC16-DCD15D4A32EE}.Debug|Any CPU.ActiveCfg = Debug|Any CPU
		{F4E9A898-3B10-4CA8-AC16-DCD15D4A32EE}.Debug|Any CPU.Build.0 = Debug|Any CPU
		{F4E9A898-3B10-4CA8-AC16-DCD15D4A32EE}.Release|Any CPU.ActiveCfg = Release|Any CPU
		{F4E9A898-3B10-4CA8-AC16-DCD15D4A32EE}.Release|Any CPU.Build.0 = Release|Any CPU
		{2881A0AB-698D-49FE-88C7-11FA8AD57156}.Debug|Any CPU.ActiveCfg = Debug|Any CPU
		{2881A0AB-698D-49FE-88C7-11FA8AD57156}.Debug|Any CPU.Build.0 = Debug|Any CPU
		{2881A0AB-698D-49FE-88C7-11FA8AD57156}.Debug|Any CPU.Deploy.0 = Debug|Any CPU
		{2881A0AB-698D-49FE-88C7-11FA8AD57156}.Release|Any CPU.ActiveCfg = Release|Any CPU
		{2881A0AB-698D-49FE-88C7-11FA8AD57156}.Release|Any CPU.Build.0 = Release|Any CPU
		{2881A0AB-698D-49FE-88C7-11FA8AD57156}.Release|Any CPU.Deploy.0 = Release|Any CPU
		{64E142BD-7C1A-4C7F-AFA7-A4CF91D3B83B}.Debug|Any CPU.ActiveCfg = Debug|Any CPU
		{64E142BD-7C1A-4C7F-AFA7-A4CF91D3B83B}.Debug|Any CPU.Build.0 = Debug|Any CPU
		{64E142BD-7C1A-4C7F-AFA7-A4CF91D3B83B}.Release|Any CPU.ActiveCfg = Release|Any CPU
		{64E142BD-7C1A-4C7F-AFA7-A4CF91D3B83B}.Release|Any CPU.Build.0 = Release|Any CPU
	EndGlobalSection
	GlobalSection(SolutionProperties) = preSolution
		HideSolutionNode = FALSE
	EndGlobalSection
	GlobalSection(ExtensibilityGlobals) = postSolution
		SolutionGuid = {AD867CE9-45B9-432C-AC44-37EB4D30A27B}
	EndGlobalSection
EndGlobal
